{
  "name": "autoit3-pegjs",
  "version": "1.0.0",
  "lockfileVersion": 1,
  "requires": true,
  "dependencies": {
    "peggy": {
      "version": "1.2.0",
      "resolved": "https://registry.npmjs.org/peggy/-/peggy-1.2.0.tgz",
      "integrity": "sha512-PQ+NKpAobImfMprYQtc4Egmyi29bidRGEX0kKjCU5uuW09s0Cthwqhfy7mLkwcB4VcgacE5L/ZjruD/kOPCUUw==",
      "dev": true
    },
    "ts-pegjs": {
      "version": "1.2.2",
      "resolved": "https://registry.npmjs.org/ts-pegjs/-/ts-pegjs-1.2.2.tgz",
      "integrity": "sha512-nzxDbdHHKvYjfW05CBN8wvVXjx1+7uHg/aRiujcMNwUfdIaXzJ7Guw5gNI62scv7H2ymn2iHHZseDBIuO+B8gA==",
      "dev": true
    }
  }
}
